# This file is automatically @generated by Poetry 2.3.2 and should not be changed by hand.

[[package]]
name = "asgiref"
version = "3.8.1"
description = "ASGI specs, helper code, and adapters"
optional = false
python-versions = ">=3.8"
groups = ["main"]
files = [
    {file = "asgiref-3.8.1-py3-none-any.whl", hash = "sha256:3e1e3ecc849832fe52ccf2cb6686b7a55f82bb1d6aee72a58826471390335e47"},
    {file = "asgiref-3.8.1.tar.gz", hash = "sha256:c343bd80a0bec947a9860adb4c432ffa7db769836c64238fc34bdc3fec84d590"},
]

[package.extras]
tests = ["mypy (>=0.800)", "pytest", "pytest-asyncio"]

[[package]]
name = "colorama"
version = "0.4.6"
description = "Cross-platform colored terminal text."
optional = false
python-versions = "!=3.0.*,!=3.1.*,!=3.2.*,!=3.3.*,!=3.4.*,!=3.5.*,!=3.6.*,>=2.7"
groups = ["main", "dev"]
markers = "sys_platform == \"win32\""
files = [
    {file = "colorama-0.4.6-py2.py3-none-any.whl", hash = "sha256:4f1d9991f5acc0ca119f9d443620b77f9d6b33703e51011c16baf57afb285fc6"},
    {file = "colorama-0.4.6.tar.gz", hash = "sha256:08695f5cb7ed6e0531a20572697297273c47b8cae5a63ffc6d6ed5c201be6e44"},
]

[[package]]
name = "confluent-kafka"
version = "2.13.0"
description = "Confluent's Python client for Apache Kafka"
optional = false
python-versions = ">=3.8"
groups = ["main"]
files = [
    {file = "confluent_kafka-2.13.0-cp310-cp310-macosx_10_9_x86_64.whl", hash = "sha256:264f86956d3bbd26bc14fd2d4060908a0c53d26b14ff33d21fa83369f55d8d3b"},
    {file = "confluent_kafka-2.13.0-cp310-cp310-macosx_11_0_arm64.whl", hash = "sha256:4af5f129acce30110c7a1c9c05c54821c1283850e38c67715bed7c3c8df322c6"},
    {file = "confluent_kafka-2.13.0-cp310-cp310-manylinux_2_28_aarch64.whl", hash = "sha256:9b975664e821d975c85ec9bba806b7c62eb9b23cf2ad3b41813862ee24caf00e"},
    {file = "confluent_kafka-2.13.0-cp310-cp310-manylinux_2_28_x86_64.whl", hash = "sha256:fc633deedd3eba5c266bf12959d8c4173806d252db45d2c78d3bd9a874dc7ccf"},
    {file = "confluent_kafka-2.13.0-cp310-cp310-win_amd64.whl", hash = "sha256:2c0b19a83f519de8f2cb170bc7879b1d92ac342a75798722fbfe29965f21d5ad"},
    {file = "confluent_kafka-2.13.0-cp311-cp311-macosx_10_9_x86_64.whl", hash = "sha256:af19d6a2ab49f02cf699bc1dfb6f4bdcc3588e077c7b5319d73335b81fef93fd"},
    {file = "confluent_kafka-2.13.0-cp311-cp311-macosx_11_0_arm64.whl", hash = "sha256:a406800c29e568e61ab687540391ac8eab210b79d24d7eb41b75b6117882e269"},
    {file = "confluent_kafka-2.13.0-cp311-cp311-manylinux_2_28_aarch64.whl", hash = "sha256:9bc38055f5a26bec15ca81b0465f90cb2663a31c19948d6421dc02090b4cbd4a"},
    {file = "confluent_kafka-2.13.0-cp311-cp311-manylinux_2_28_x86_64.whl", hash = "sha256:7080a20f64293b1f81747748e6bda0d1e9a9d5d5f94cd1b0c625cfdf819f491f"},
    {file = "confluent_kafka-2.13.0-cp311-cp311-win_amd64.whl", hash = "sha256:39fdfd4fa6371ebabf9e7be858ae68d4fa9a9fd72fd5fc3d739fdaa99997fd9a"},
    {file = "confluent_kafka-2.13.0-cp312-cp312-macosx_10_9_x86_64.whl", hash = "sha256:a69263f22a8c53c7d55067e7795ed49d22c374b9473df91982816a0448e6d242"},
    {file = "confluent_kafka-2.13.0-cp312-cp312-macosx_11_0_arm64.whl", hash = "sha256:0945c7f529e66a18aa19135aa18bfdc239ca6c0f6df6ca9b05a793d9b76c1c4b"},
    {file = "confluent_kafka-2.13.0-cp312-cp312-manylinux_2_28_aarch64.whl", hash = "sha256:321037a64c02acb13b5bde193b461c0514dca236a9f5236c847a3240313c297f"},
    {file = "confluent_kafka-2.13.0-cp312-cp312-manylinux_2_28_x86_64.whl", hash = "sha256:d7a71ca8fd42d3eefa22eb202e7fc8a419e0fd4e3b59862918c21f4d1074f0c5"},
    {file = "confluent_kafka-2.13.0-cp312-cp312-win_amd64.whl", hash = "sha256:37dddb1b92829b8862bc4fbce07789a79b73aa31eca413f3db187721a09975ff"},
    {file = "confluent_kafka-2.13.0-cp313-cp313-macosx_13_0_arm64.whl", hash = "sha256:0af90b3c566786017a01693da0ec4a876ca14cf37bc6164872652a6cf2702453"},
    {file = "confluent_kafka-2.13.0-cp313-cp313-macosx_13_0_x86_64.whl", hash = "sha256:f25d05604dd92e9de72707582dded53aeb4737ef2e2c097a3ca08650200fc446"},
    {file = "confluent_kafka-2.13.0-cp313-cp313-manylinux_2_28_aarch64.whl", hash = "sha256:74ddf5ec7fa6058221a619c850f44bdbe8d969d7ed6efe8abdc857d2e233df20"},
    {file = "confluent_kafka-2.13.0-cp313-cp313-manylinux_2_28_x86_64.whl", hash = "sha256:f8d1d00397f3f32a1bcf4604d4164bf75838bd009e1e28282a7ae25e16814ea4"},
    {file = "confluent_kafka-2.13.0-cp313-cp313-win_amd64.whl", hash = "sha256:9d1fd035e2c47c4db5fe9b0f59a28fe2f2f1012887290dd0ea7d46741f686e99"},
    {file = "confluent_kafka-2.13.0-cp314-cp314-macosx_13_0_arm64.whl", hash = "sha256:d448537147a33dd8c17656732989ddfe1d4a25a40bcb5f59bc63dc0a5041dd83"},
    {file = "confluent_kafka-2.13.0-cp314-cp314-macosx_13_0_x86_64.whl", hash = "sha256:1325585f9fc283c32c30df4226178dc89cf43d00f5c240e1f77ddedc94573690"},
    {file = "confluent_kafka-2.13.0-cp314-cp314-manylinux_2_28_aarch64.whl", hash = "sha256:266bbea18ce99f6e77ce0e9a118f353447c8705792ef5745eabcc5c6db08794a"},
    {file = "confluent_kafka-2.13.0-cp314-cp314-manylinux_2_28_x86_64.whl", hash = "sha256:7a373a1a3dd8e02dd218946583e951791480921fd777faeaf601c2834e2a6c0d"},
    {file = "confluent_kafka-2.13.0-cp314-cp314-win_amd64.whl", hash = "sha256:da956b2141d9f425dbfc3cf1c244ef6d0633b83fc5ceada6f496099258e63a68"},
    {file = "confluent_kafka-2.13.0-cp314-cp314t-macosx_13_0_arm64.whl", hash = "sha256:fa354e9fb95e26545decd429477072ea3a98a2e7acac11d09156772e06f14680"},
    {file = "confluent_kafka-2.13.0-cp314-cp314t-macosx_13_0_x86_64.whl", hash = "sha256:e256dc3a993bf5fde0fa4a1b6a5b72e3521cedbc9dc4d7a65f159afa4b72e5b4"},
    {file = "confluent_kafka-2.13.0-cp314-cp314t-manylinux_2_28_aarch64.whl", hash = "sha256:eb7988038b7f13ea490af93b9165ed40a3f385fb91e99ce8dacee8890e36e48a"},
    {file = "confluent_kafka-2.13.0-cp314-cp314t-manylinux_2_28_x86_64.whl", hash = "sha256:cfd8f011b0b0a109f8747312dba6cee45b39fb53fc7d53f28813bce84a91228d"},
    {file = "confluent_kafka-2.13.0-cp38-cp38-macosx_10_9_x86_64.whl", hash = "sha256:e40a8fad6d5fe4a8f40d971debf62c86247f4c70036269254bea52a9ac098997"},
    {file = "confluent_kafka-2.13.0-cp38-cp38-macosx_11_0_arm64.whl", hash = "sha256:9cb630cac6da4e0ab02fb7f85002b65cd6d1805270777ef22ae49ca8c8fcd0f8"},
    {file = "confluent_kafka-2.13.0-cp38-cp38-manylinux_2_28_aarch64.whl", hash = "sha256:ebbf51aae3d297ee9cd46c04d9793effce40484d44e70f7267bffd6f44497cf4"},
    {file = "confluent_kafka-2.13.0-cp38-cp38-manylinux_2_28_x86_64.whl", hash = "sha256:1978946b698629cb9c7bcd926759597162d9731488a2649c3c614aa644e10740"},
    {file = "confluent_kafka-2.13.0-cp38-cp38-win_amd64.whl", hash = "sha256:7ded3c25581f7b6dc94bcaccea21caaef208f6ed18bee4b604a760b9b3a5cda0"},
    {file = "confluent_kafka-2.13.0-cp39-cp39-macosx_10_9_x86_64.whl", hash = "sha256:85247f23d3f043f06e83181b63c27e48c6f461c4b2211ca67205f54f27f1867d"},
    {file = "confluent_kafka-2.13.0-cp39-cp39-macosx_11_0_arm64.whl", hash = "sha256:e35cbe76a5e784397688fb0d2f30eabfc60c320b78bfc5656b17c126e92e7da4"},
    {file = "confluent_kafka-2.13.0-cp39-cp39-manylinux_2_28_aarch64.whl", hash = "sha256:a5c59119fcdec13c75448e11f13273c026265fb85fc8e49fec186bca581464a9"},
    {file = "confluent_kafka-2.13.0-cp39-cp39-manylinux_2_28_x86_64.whl", hash = "sha256:0f746467574477b419b42d9ce65df1c9325aa4ad54d4239f19d19018620d77c4"},
    {file = "confluent_kafka-2.13.0-cp39-cp39-win_amd64.whl", hash = "sha256:bc5d9fde588485fe2c5f760678733406d0894eb2df6e7a2fb36769633c840a48"},
    {file = "confluent_kafka-2.13.0.tar.gz", hash = "sha256:eff7a4391a9e6d4a33f0c05d0935b200a7463834f1f5d6e6253be318f910babd"},
]

[package.extras]
all = ["async-timeout", "attrs", "attrs", "attrs (>=21.2.0)", "authlib (>=1.0.0)", "authlib (>=1.0.0)", "avro (>=1.11.1,<2)", "avro (>=1.11.1,<2)", "azure-identity", "azure-identity", "azure-keyvault-keys", "azure-keyvault-keys", "black (>=24.0.0)", "boto3", "boto3 (>=1.35)", "cachetools", "cachetools (>=5.5.0)", "cel-python (>=0.4.0)", "cel-python (>=0.4.0)", "certifi", "confluent-kafka", "fastapi", "fastavro (>=1.5.4,<1.8.0) ; python_version == \"3.7\"", "fastavro (>=1.5.4,<1.8.0) ; python_version == \"3.7\"", "fastavro (>=1.5.4,<2) ; python_version > \"3.7\"", "fastavro (>=1.5.4,<2) ; python_version > \"3.7\"", "flake8", "google-api-core", "google-api-core", "google-auth", "google-auth", "google-cloud-kms", "google-cloud-kms", "google-re2 (<1.1.20251105)", "googleapis-common-protos", "googleapis-common-protos", "hkdf (==0.0.3)", "hkdf (==0.0.3)", "httpx (>=0.26)", "httpx (>=0.26)", "hvac", "hvac", "isort (>=5.13.0)", "jsonata-python", "jsonata-python", "jsonschema", "jsonschema", "mypy", "opentelemetry-distro", "opentelemetry-exporter-otlp", "orjson", "orjson (>=3.10)", "orjson (>=3.10)", "pandoc", "pluggy (<1.6.0)", "protobuf", "protobuf", "psutil", "pydantic", "pyrsistent", "pyrsistent", "pytest", "pytest-asyncio", "pytest-timeout", "pytest_cov", "pyyaml (>=6.0.0)", "pyyaml (>=6.0.0)", "requests", "requests", "requests-mock", "respx", "six", "sphinx", "sphinx-rtd-theme", "tink", "tink", "tomli ; python_version < \"3.11\"", "types-cachetools", "types-requests", "urllib3 (<3)", "uvicorn"]
avro = ["attrs (>=21.2.0)", "authlib (>=1.0.0)", "avro (>=1.11.1,<2)", "cachetools (>=5.5.0)", "certifi", "fastavro (>=1.5.4,<1.8.0) ; python_version == \"3.7\"", "fastavro (>=1.5.4,<2) ; python_version > \"3.7\"", "httpx (>=0.26)", "requests"]
dev = ["async-timeout", "attrs", "attrs", "attrs (>=21.2.0)", "authlib (>=1.0.0)", "authlib (>=1.0.0)", "avro (>=1.11.1,<2)", "avro (>=1.11.1,<2)", "azure-identity", "azure-identity", "azure-keyvault-keys", "azure-keyvault-keys", "black (>=24.0.0)", "boto3", "boto3 (>=1.35)", "cachetools", "cachetools (>=5.5.0)", "cel-python (>=0.4.0)", "cel-python (>=0.4.0)", "certifi", "confluent-kafka", "fastapi", "fastavro (>=1.5.4,<1.8.0) ; python_version == \"3.7\"", "fastavro (>=1.5.4,<1.8.0) ; python_version == \"3.7\"", "fastavro (>=1.5.4,<2) ; python_version > \"3.7\"", "fastavro (>=1.5.4,<2) ; python_version > \"3.7\"", "flake8", "google-api-core", "google-api-core", "google-auth", "google-auth", "google-cloud-kms", "google-cloud-kms", "google-re2 (<1.1.20251105)", "googleapis-common-protos", "googleapis-common-protos", "hkdf (==0.0.3)", "hkdf (==0.0.3)", "httpx (>=0.26)", "httpx (>=0.26)", "hvac", "hvac", "isort (>=5.13.0)", "jsonata-python", "jsonata-python", "jsonschema", "jsonschema", "mypy", "orjson", "orjson (>=3.10)", "orjson (>=3.10)", "pandoc", "pluggy (<1.6.0)", "protobuf", "protobuf", "pydantic", "pyrsistent", "pyrsistent", "pytest", "pytest-asyncio", "pytest-timeout", "pytest_cov", "pyyaml (>=6.0.0)", "pyyaml (>=6.0.0)", "requests", "requests", "requests-mock", "respx", "six", "sphinx", "sphinx-rtd-theme", "tink", "tink", "tomli ; python_version < \"3.11\"", "types-cachetools", "types-requests", "urllib3 (<3)", "uvicorn"]
docs = ["attrs (>=21.2.0)", "authlib (>=1.0.0)", "avro (>=1.11.1,<2)", "azure-identity", "azure-keyvault-keys", "boto3 (>=1.35)", "cachetools (>=5.5.0)", "cel-python (>=0.4.0)", "certifi", "fastavro (>=1.5.4,<1.8.0) ; python_version == \"3.7\"", "fastavro (>=1.5.4,<2) ; python_version > \"3.7\"", "google-api-core", "google-auth", "google-cloud-kms", "google-re2 (<1.1.20251105)", "googleapis-common-protos", "hkdf (==0.0.3)", "httpx (>=0.26)", "hvac", "jsonata-python", "jsonschema", "orjson (>=3.10)", "pandoc", "protobuf", "pyrsistent", "pyyaml (>=6.0.0)", "requests", "sphinx", "sphinx-rtd-theme", "tink", "tomli ; python_version < \"3.11\""]
examples = ["attrs", "authlib (>=1.0.0)", "avro (>=1.11.1,<2)", "azure-identity", "azure-keyvault-keys", "boto3", "cachetools", "cel-python (>=0.4.0)", "confluent-kafka", "fastapi", "fastavro (>=1.5.4,<1.8.0) ; python_version == \"3.7\"", "fastavro (>=1.5.4,<2) ; python_version > \"3.7\"", "google-api-core", "google-auth", "google-cloud-kms", "googleapis-common-protos", "hkdf (==0.0.3)", "httpx (>=0.26)", "hvac", "jsonata-python", "jsonschema", "orjson (>=3.10)", "protobuf", "pydantic", "pyrsistent", "pyyaml (>=6.0.0)", "requests", "six", "tink", "uvicorn"]
json = ["attrs (>=21.2.0)", "authlib (>=1.0.0)", "cachetools (>=5.5.0)", "certifi", "httpx (>=0.26)", "jsonschema", "orjson (>=3.10)", "pyrsistent"]
protobuf = ["attrs (>=21.2.0)", "authlib (>=1.0.0)", "cachetools (>=5.5.0)", "certifi", "googleapis-common-protos", "httpx (>=0.26)", "protobuf"]
rules = ["attrs (>=21.2.0)", "authlib (>=1.0.0)", "azure-identity", "azure-keyvault-keys", "boto3 (>=1.35)", "cachetools (>=5.5.0)", "cel-python (>=0.4.0)", "certifi", "google-api-core", "google-auth", "google-cloud-kms", "google-re2 (<1.1.20251105)", "hkdf (==0.0.3)", "httpx (>=0.26)", "hvac", "jsonata-python", "pyyaml (>=6.0.0)", "tink"]
schema-registry = ["attrs (>=21.2.0)", "authlib (>=1.0.0)", "cachetools (>=5.5.0)", "certifi", "httpx (>=0.26)"]
schemaregistry = ["attrs (>=21.2.0)", "authlib (>=1.0.0)", "cachetools (>=5.5.0)", "certifi", "httpx (>=0.26)"]
soaktest = ["opentelemetry-distro", "opentelemetry-exporter-otlp", "psutil"]
tests = ["async-timeout", "attrs", "attrs (>=21.2.0)", "authlib (>=1.0.0)", "avro (>=1.11.1,<2)", "azure-identity", "azure-keyvault-keys", "black (>=24.0.0)", "boto3 (>=1.35)", "cachetools (>=5.5.0)", "cel-python (>=0.4.0)", "certifi", "fastavro (>=1.5.4,<1.8.0) ; python_version == \"3.7\"", "fastavro (>=1.5.4,<2) ; python_version > \"3.7\"", "flake8", "google-api-core", "google-auth", "google-cloud-kms", "google-re2 (<1.1.20251105)", "googleapis-common-protos", "hkdf (==0.0.3)", "httpx (>=0.26)", "hvac", "isort (>=5.13.0)", "jsonata-python", "jsonschema", "mypy", "orjson", "orjson (>=3.10)", "pluggy (<1.6.0)", "protobuf", "pyrsistent", "pytest", "pytest-asyncio", "pytest-timeout", "pytest_cov", "pyyaml (>=6.0.0)", "requests", "requests-mock", "respx", "tink", "types-cachetools", "types-requests", "urllib3 (<3)"]

[[package]]
name = "django"
version = "5.1.6"
description = "A high-level Python web framework that encourages rapid development and clean, pragmatic design."
optional = false
python-versions = ">=3.10"
groups = ["main"]
files = [
    {file = "Django-5.1.6-py3-none-any.whl", hash = "sha256:8d203400bc2952fbfb287c2bbda630297d654920c72a73cc82a9ad7926feaad5"},
    {file = "Django-5.1.6.tar.gz", hash = "sha256:1e39eafdd1b185e761d9fab7a9f0b9fa00af1b37b25ad980a8aa0dac13535690"},
]

[package.dependencies]
asgiref = ">=3.8.1,<4"
sqlparse = ">=0.3.1"
tzdata = {version = "*", markers = "sys_platform == \"win32\""}

[package.extras]
argon2 = ["argon2-cffi (>=19.1.0)"]
bcrypt = ["bcrypt"]

[[package]]
name = "django-cors-headers"
version = "4.9.0"
description = "django-cors-headers is a Django application for handling the server headers required for Cross-Origin Resource Sharing (CORS)."
optional = false
python-versions = ">=3.9"
groups = ["main"]
files = [
    {file = "django_cors_headers-4.9.0-py3-none-any.whl", hash = "sha256:15c7f20727f90044dcee2216a9fd7303741a864865f0c3657e28b7056f61b449"},
    {file = "django_cors_headers-4.9.0.tar.gz", hash = "sha256:fe5d7cb59fdc2c8c646ce84b727ac2bca8912a247e6e68e1fb507372178e59e8"},
]

[package.dependencies]
asgiref = ">=3.6"
django = ">=4.2"

[[package]]
name = "django-redis"
version = "5.4.0"
description = "Full featured redis cache backend for Django."
optional = false
python-versions = ">=3.6"
groups = ["main"]
files = [
    {file = "django-redis-5.4.0.tar.gz", hash = "sha256:6a02abaa34b0fea8bf9b707d2c363ab6adc7409950b2db93602e6cb292818c42"},
    {file = "django_redis-5.4.0-py3-none-any.whl", hash = "sha256:ebc88df7da810732e2af9987f7f426c96204bf89319df4c6da6ca9a2942edd5b"},
]

[package.dependencies]
Django = ">=3.2"
redis = ">=3,<4.0.0 || >4.0.0,<4.0.1 || >4.0.1"

[package.extras]
hiredis = ["redis[hiredis] (>=3,!=4.0.0,!=4.0.1)"]

[[package]]
name = "djangorestframework"
version = "3.15.2"
description = "Web APIs for Django, made easy."
optional = false
python-versions = ">=3.8"
groups = ["main"]
files = [
    {file = "djangorestframework-3.15.2-py3-none-any.whl", hash = "sha256:2b8871b062ba1aefc2de01f773875441a961fefbf79f5eed1e32b2f096944b20"},
    {file = "djangorestframework-3.15.2.tar.gz", hash = "sha256:36fe88cd2d6c6bec23dca9804bab2ba5517a8bb9d8f47ebc68981b56840107ad"},
]

[package.dependencies]
django = ">=4.2"

[[package]]
name = "djangorestframework-simplejwt"
version = "5.4.0"
description = "A minimal JSON Web Token authentication plugin for Django REST Framework"
optional = false
python-versions = ">=3.9"
groups = ["main"]
files = [
    {file = "djangorestframework_simplejwt-5.4.0-py3-none-any.whl", hash = "sha256:7aec953db9ed4163430c16d086eecb0f028f814ce6bba62b06c25919261e9077"},
    {file = "djangorestframework_simplejwt-5.4.0.tar.gz", hash = "sha256:cccecce1a0e1a4a240fae80da73e5fc23055bababb8b67de88fa47cd36822320"},
]

[package.dependencies]
django = ">=4.2"
djangorestframework = ">=3.14"
pyjwt = ">=1.7.1,<3"

[package.extras]
crypto = ["cryptography (>=3.3.1)"]
dev = ["Sphinx (>=1.6.5,<2)", "cryptography", "flake8", "freezegun", "ipython", "isort", "pep8", "pytest", "pytest-cov", "pytest-django", "pytest-watch", "pytest-xdist", "python-jose (==3.3.0)", "sphinx_rtd_theme (>=0.1.9)", "tox", "twine", "wheel"]
doc = ["Sphinx (>=1.6.5,<2)", "sphinx_rtd_theme (>=0.1.9)"]
lint = ["flake8", "isort", "pep8"]
python-jose = ["python-jose (==3.3.0)"]
test = ["cryptography", "freezegun", "pytest", "pytest-cov", "pytest-django", "pytest-xdist", "tox"]

[[package]]
name = "gunicorn"
version = "23.0.0"
description = "WSGI HTTP Server for UNIX"
optional = false
python-versions = ">=3.7"
groups = ["main"]
files = [
    {file = "gunicorn-23.0.0-py3-none-any.whl", hash = "sha256:ec400d38950de4dfd418cff8328b2c8faed0edb0d517d3394e457c317908ca4d"},
    {file = "gunicorn-23.0.0.tar.gz", hash = "sha256:f014447a0101dc57e294f6c18ca6b40227a4c90e9bdb586042628030cba004ec"},
]

[package.dependencies]
packaging = "*"

[package.extras]
eventlet = ["eventlet (>=0.24.1,!=0.36.0)"]
gevent = ["gevent (>=1.4.0)"]
setproctitle = ["setproctitle"]
testing = ["coverage", "eventlet", "gevent", "pytest", "pytest-cov"]
tornado = ["tornado (>=0.2)"]

[[package]]
name = "iniconfig"
version = "2.3.0"
description = "brain-dead simple config-ini parsing"
optional = false
python-versions = ">=3.10"
groups = ["dev"]
files = [
    {file = "iniconfig-2.3.0-py3-none-any.whl", hash = "sha256:f631c04d2c48c52b84d0d0549c99ff3859c98df65b3101406327ecc7d53fbf12"},
    {file = "iniconfig-2.3.0.tar.gz", hash = "sha256:c76315c77db068650d49c5b56314774a7804df16fee4402c1f19d6d15d8c4730"},
]

[[package]]
name = "packaging"
version = "26.0"
description = "Core utilities for Python packages"
optional = false
python-versions = ">=3.8"
groups = ["main", "dev"]
files = [
    {file = "packaging-26.0-py3-none-any.whl", hash = "sha256:b36f1fef9334a5588b4166f8bcd26a14e521f2b55e6b9de3aaa80d3ff7a37529"},
    {file = "packaging-26.0.tar.gz", hash = "sha256:00243ae351a257117b6a241061796684b084ed1c516a08c48a3f7e147a9d80b4"},
]

[[package]]
name = "pillow"
version = "11.1.0"
description = "Python Imaging Library (Fork)"
optional = false
python-versions = ">=3.9"
groups = ["main"]
files = [
    {file = "pillow-11.1.0-cp310-cp310-macosx_10_10_x86_64.whl", hash = "sha256:e1abe69aca89514737465752b4bcaf8016de61b3be1397a8fc260ba33321b3a8"},
    {file = "pillow-11.1.0-cp310-cp310-macosx_11_0_arm64.whl", hash = "sha256:c640e5a06869c75994624551f45e5506e4256562ead981cce820d5ab39ae2192"},
    {file = "pillow-11.1.0-cp310-cp310-manylinux_2_17_aarch64.manylinux2014_aarch64.whl", hash = "sha256:a07dba04c5e22824816b2615ad7a7484432d7f540e6fa86af60d2de57b0fcee2"},
    {file = "pillow-11.1.0-cp310-cp310-manylinux_2_17_x86_64.manylinux2014_x86_64.whl", hash = "sha256:e267b0ed063341f3e60acd25c05200df4193e15a4a5807075cd71225a2386e26"},
    {file = "pillow-11.1.0-cp310-cp310-manylinux_2_28_aarch64.whl", hash = "sha256:bd165131fd51697e22421d0e467997ad31621b74bfc0b75956608cb2906dda07"},
    {file = "pillow-11.1.0-cp310-cp310-manylinux_2_28_x86_64.whl", hash = "sha256:abc56501c3fd148d60659aae0af6ddc149660469082859fa7b066a298bde9482"},
    {file = "pillow-11.1.0-cp310-cp310-musllinux_1_2_aarch64.whl", hash = "sha256:54ce1c9a16a9561b6d6d8cb30089ab1e5eb66918cb47d457bd996ef34182922e"},
    {file = "pillow-11.1.0-cp310-cp310-musllinux_1_2_x86_64.whl", hash = "sha256:73ddde795ee9b06257dac5ad42fcb07f3b9b813f8c1f7f870f402f4dc54b5269"},
    {file = "pillow-11.1.0-cp310-cp310-win32.whl", hash = "sha256:3a5fe20a7b66e8135d7fd617b13272626a28278d0e578c98720d9ba4b2439d49"},
    {file = "pillow-11.1.0-cp310-cp310-win_amd64.whl", hash = "sha256:b6123aa4a59d75f06e9dd3dac5bf8bc9aa383121bb3dd9a7a612e05eabc9961a"},
    {file = "pillow-11.1.0-cp310-cp310-win_arm64.whl", hash = "sha256:a76da0a31da6fcae4210aa94fd779c65c75786bc9af06289cd1c184451ef7a65"},
    {file = "pillow-11.1.0-cp311-cp311-macosx_10_10_x86_64.whl", hash = "sha256:e06695e0326d05b06833b40b7ef477e475d0b1ba3a6d27da1bb48c23209bf457"},
    {file = "pillow-11.1.0-cp311-cp311-macosx_11_0_arm64.whl", hash = "sha256:96f82000e12f23e4f29346e42702b6ed9a2f2fea34a740dd5ffffcc8c539eb35"},
    {file = "pillow-11.1.0-cp311-cp311-manylinux_2_17_aarch64.manylinux2014_aarch64.whl", hash = "sha256:a3cd561ded2cf2bbae44d4605837221b987c216cff94f49dfeed63488bb228d2"},
    {file = "pillow-11.1.0-cp311-cp311-manylinux_2_17_x86_64.manylinux2014_x86_64.whl", hash = "sha256:f189805c8be5ca5add39e6f899e6ce2ed824e65fb45f3c28cb2841911da19070"},
    {file = "pillow-11.1.0-cp311-cp311-manylinux_2_28_aarch64.whl", hash = "sha256:dd0052e9db3474df30433f83a71b9b23bd9e4ef1de13d92df21a52c0303b8ab6"},
    {file = "pillow-11.1.0-cp311-cp311-manylinux_2_28_x86_64.whl", hash = "sha256:837060a8599b8f5d402e97197d4924f05a2e0d68756998345c829c33186217b1"},
    {file = "pillow-11.1.0-cp311-cp311-musllinux_1_2_aarch64.whl", hash = "sha256:aa8dd43daa836b9a8128dbe7d923423e5ad86f50a7a14dc688194b7be5c0dea2"},
    {file = "pillow-11.1.0-cp311-cp311-musllinux_1_2_x86_64.whl", hash = "sha256:0a2f91f8a8b367e7a57c6e91cd25af510168091fb89ec5146003e424e1558a96"},
    {file = "pillow-11.1.0-cp311-cp311-win32.whl", hash = "sha256:c12fc111ef090845de2bb15009372175d76ac99969bdf31e2ce9b42e4b8cd88f"},
    {file = "pillow-11.1.0-cp311-cp311-win_amd64.whl", hash = "sha256:fbd43429d0d7ed6533b25fc993861b8fd512c42d04514a0dd6337fb3ccf22761"},
    {file = "pillow-11.1.0-cp311-cp311-win_arm64.whl", hash = "sha256:f7955ecf5609dee9442cbface754f2c6e541d9e6eda87fad7f7a989b0bdb9d71"},
    {file = "pillow-11.1.0-cp312-cp312-macosx_10_13_x86_64.whl", hash = "sha256:2062ffb1d36544d42fcaa277b069c88b01bb7298f4efa06731a7fd6cc290b81a"},
    {file = "pillow-11.1.0-cp312-cp312-macosx_11_0_arm64.whl", hash = "sha256:a85b653980faad27e88b141348707ceeef8a1186f75ecc600c395dcac19f385b"},
    {file = "pillow-11.1.0-cp312-cp312-manylinux_2_17_aarch64.manylinux2014_aarch64.whl", hash = "sha256:9409c080586d1f683df3f184f20e36fb647f2e0bc3988094d4fd8c9f4eb1b3b3"},
    {file = "pillow-11.1.0-cp312-cp312-manylinux_2_17_x86_64.manylinux2014_x86_64.whl", hash = "sha256:7fdadc077553621911f27ce206ffcbec7d3f8d7b50e0da39f10997e8e2bb7f6a"},
    {file = "pillow-11.1.0-cp312-cp312-manylinux_2_28_aarch64.whl", hash = "sha256:93a18841d09bcdd774dcdc308e4537e1f867b3dec059c131fde0327899734aa1"},
    {file = "pillow-11.1.0-cp312-cp312-manylinux_2_28_x86_64.whl", hash = "sha256:9aa9aeddeed452b2f616ff5507459e7bab436916ccb10961c4a382cd3e03f47f"},
    {file = "pillow-11.1.0-cp312-cp312-musllinux_1_2_aarch64.whl", hash = "sha256:3cdcdb0b896e981678eee140d882b70092dac83ac1cdf6b3a60e2216a73f2b91"},
    {file = "pillow-11.1.0-cp312-cp312-musllinux_1_2_x86_64.whl", hash = "sha256:36ba10b9cb413e7c7dfa3e189aba252deee0602c86c309799da5a74009ac7a1c"},
    {file = "pillow-11.1.0-cp312-cp312-win32.whl", hash = "sha256:cfd5cd998c2e36a862d0e27b2df63237e67273f2fc78f47445b14e73a810e7e6"},
    {file = "pillow-11.1.0-cp312-cp312-win_amd64.whl", hash = "sha256:a697cd8ba0383bba3d2d3ada02b34ed268cb548b369943cd349007730c92bddf"},
    {file = "pillow-11.1.0-cp312-cp312-win_arm64.whl", hash = "sha256:4dd43a78897793f60766563969442020e90eb7847463eca901e41ba186a7d4a5"},
    {file = "pillow-11.1.0-cp313-cp313-macosx_10_13_x86_64.whl", hash = "sha256:ae98e14432d458fc3de11a77ccb3ae65ddce70f730e7c76140653048c71bfcbc"},
    {file = "pillow-11.1.0-cp313-cp313-macosx_11_0_arm64.whl", hash = "sha256:cc1331b6d5a6e144aeb5e626f4375f5b7ae9934ba620c0ac6b3e43d5e683a0f0"},
    {file = "pillow-11.1.0-cp313-cp313-manylinux_2_17_aarch64.manylinux2014_aarch64.whl", hash = "sha256:758e9d4ef15d3560214cddbc97b8ef3ef86ce04d62ddac17ad39ba87e89bd3b1"},
    {file = "pillow-11.1.0-cp313-cp313-manylinux_2_17_x86_64.manylinux2014_x86_64.whl", hash = "sha256:b523466b1a31d0dcef7c5be1f20b942919b62fd6e9a9be199d035509cbefc0ec"},
    {file = "pillow-11.1.0-cp313-cp313-manylinux_2_28_aarch64.whl", hash = "sha256:9044b5e4f7083f209c4e35aa5dd54b1dd5b112b108648f5c902ad586d4f945c5"},
    {file = "pillow-11.1.0-cp313-cp313-manylinux_2_28_x86_64.whl", hash = "sha256:3764d53e09cdedd91bee65c2527815d315c6b90d7b8b79759cc48d7bf5d4f114"},
    {file = "pillow-11.1.0-cp313-cp313-musllinux_1_2_aarch64.whl", hash = "sha256:31eba6bbdd27dde97b0174ddf0297d7a9c3a507a8a1480e1e60ef914fe23d352"},
    {file = "pillow-11.1.0-cp313-cp313-musllinux_1_2_x86_64.whl", hash = "sha256:b5d658fbd9f0d6eea113aea286b21d3cd4d3fd978157cbf2447a6035916506d3"},
    {file = "pillow-11.1.0-cp313-cp313-win32.whl", hash = "sha256:f86d3a7a9af5d826744fabf4afd15b9dfef44fe69a98541f666f66fbb8d3fef9"},
    {file = "pillow-11.1.0-cp313-cp313-win_amd64.whl", hash = "sha256:593c5fd6be85da83656b93ffcccc2312d2d149d251e98588b14fbc288fd8909c"},
    {file = "pillow-11.1.0-cp313-cp313-win_arm64.whl", hash = "sha256:11633d58b6ee5733bde153a8dafd25e505ea3d32e261accd388827ee987baf65"},
    {file = "pillow-11.1.0-cp313-cp313t-macosx_10_13_x86_64.whl", hash = "sha256:70ca5ef3b3b1c4a0812b5c63c57c23b63e53bc38e758b37a951e5bc466449861"},
    {file = "pillow-11.1.0-cp313-cp313t-macosx_11_0_arm64.whl", hash = "sha256:8000376f139d4d38d6851eb149b321a52bb8893a88dae8ee7d95840431977081"},
    {file = "pillow-11.1.0-cp313-cp313t-manylinux_2_17_x86_64.manylinux2014_x86_64.whl", hash = "sha256:9ee85f0696a17dd28fbcfceb59f9510aa71934b483d1f5601d1030c3c8304f3c"},
    {file = "pillow-11.1.0-cp313-cp313t-manylinux_2_28_x86_64.whl", hash = "sha256:dd0e081319328928531df7a0e63621caf67652c8464303fd102141b785ef9547"},
    {file = "pillow-11.1.0-cp313-cp313t-musllinux_1_2_x86_64.whl", hash = "sha256:e63e4e5081de46517099dc30abe418122f54531a6ae2ebc8680bcd7096860eab"},
    {file = "pillow-11.1.0-cp313-cp313t-win32.whl", hash = "sha256:dda60aa465b861324e65a78c9f5cf0f4bc713e4309f83bc387be158b077963d9"},
    {file = "pillow-11.1.0-cp313-cp313t-win_amd64.whl", hash = "sha256:ad5db5781c774ab9a9b2c4302bbf0c1014960a0a7be63278d13ae6fdf88126fe"},
    {file = "pillow-11.1.0-cp313-cp313t-win_arm64.whl", hash = "sha256:67cd427c68926108778a9005f2a04adbd5e67c442ed21d95389fe1d595458756"},
    {file = "pillow-11.1.0-cp39-cp39-macosx_10_10_x86_64.whl", hash = "sha256:bf902d7413c82a1bfa08b06a070876132a5ae6b2388e2712aab3a7cbc02205c6"},
    {file = "pillow-11.1.0-cp39-cp39-macosx_11_0_arm64.whl", hash = "sha256:c1eec9d950b6fe688edee07138993e54ee4ae634c51443cfb7c1e7613322718e"},
    {file = "pillow-11.1.0-cp39-cp39-manylinux_2_17_aarch64.manylinux2014_aarch64.whl", hash = "sha256:8e275ee4cb11c262bd108ab2081f750db2a1c0b8c12c1897f27b160c8bd57bbc"},
    {file = "pillow-11.1.0-cp39-cp39-manylinux_2_17_x86_64.manylinux2014_x86_64.whl", hash = "sha256:4db853948ce4e718f2fc775b75c37ba2efb6aaea41a1a5fc57f0af59eee774b2"},
    {file = "pillow-11.1.0-cp39-cp39-manylinux_2_28_aarch64.whl", hash = "sha256:ab8a209b8485d3db694fa97a896d96dd6533d63c22829043fd9de627060beade"},
    {file = "pillow-11.1.0-cp39-cp39-manylinux_2_28_x86_64.whl", hash = "sha256:54251ef02a2309b5eec99d151ebf5c9904b77976c8abdcbce7891ed22df53884"},
    {file = "pillow-11.1.0-cp39-cp39-musllinux_1_2_aarch64.whl", hash = "sha256:5bb94705aea800051a743aa4874bb1397d4695fb0583ba5e425ee0328757f196"},
    {file = "pillow-11.1.0-cp39-cp39-musllinux_1_2_x86_64.whl", hash = "sha256:89dbdb3e6e9594d512780a5a1c42801879628b38e3efc7038094430844e271d8"},
    {file = "pillow-11.1.0-cp39-cp39-win32.whl", hash = "sha256:e5449ca63da169a2e6068dd0e2fcc8d91f9558aba89ff6d02121ca8ab11e79e5"},
    {file = "pillow-11.1.0-cp39-cp39-win_amd64.whl", hash = "sha256:3362c6ca227e65c54bf71a5f88b3d4565ff1bcbc63ae72c34b07bbb1cc59a43f"},
    {file = "pillow-11.1.0-cp39-cp39-win_arm64.whl", hash = "sha256:b20be51b37a75cc54c2c55def3fa2c65bb94ba859dde241cd0a4fd302de5ae0a"},
    {file = "pillow-11.1.0-pp310-pypy310_pp73-macosx_10_15_x86_64.whl", hash = "sha256:8c730dc3a83e5ac137fbc92dfcfe1511ce3b2b5d7578315b63dbbb76f7f51d90"},
    {file = "pillow-11.1.0-pp310-pypy310_pp73-macosx_11_0_arm64.whl", hash = "sha256:7d33d2fae0e8b170b6a6c57400e077412240f6f5bb2a342cf1ee512a787942bb"},
    {file = "pillow-11.1.0-pp310-pypy310_pp73-manylinux_2_17_aarch64.manylinux2014_aarch64.whl", hash = "sha256:a8d65b38173085f24bc07f8b6c505cbb7418009fa1a1fcb111b1f4961814a442"},
    {file = "pillow-11.1.0-pp310-pypy310_pp73-manylinux_2_17_x86_64.manylinux2014_x86_64.whl", hash = "sha256:015c6e863faa4779251436db398ae75051469f7c903b043a48f078e437656f83"},
    {file = "pillow-11.1.0-pp310-pypy310_pp73-manylinux_2_28_aarch64.whl", hash = "sha256:d44ff19eea13ae4acdaaab0179fa68c0c6f2f45d66a4d8ec1eda7d6cecbcc15f"},
    {file = "pillow-11.1.0-pp310-pypy310_pp73-manylinux_2_28_x86_64.whl", hash = "sha256:d3d8da4a631471dfaf94c10c85f5277b1f8e42ac42bade1ac67da4b4a7359b73"},
    {file = "pillow-11.1.0-pp310-pypy310_pp73-win_amd64.whl", hash = "sha256:4637b88343166249fe8aa94e7c4a62a180c4b3898283bb5d3d2fd5fe10d8e4e0"},
    {file = "pillow-11.1.0.tar.gz", hash = "sha256:368da70808b36d73b4b390a8ffac11069f8a5c85f29eff1f1b01bcf3ef5b2a20"},
]

[package.extras]
docs = ["furo", "olefile", "sphinx (>=8.1)", "sphinx-copybutton", "sphinx-inline-tabs", "sphinxext-opengraph"]
fpx = ["olefile"]
mic = ["olefile"]
tests = ["check-manifest", "coverage (>=7.4.2)", "defusedxml", "markdown2", "olefile", "packaging", "pyroma", "pytest", "pytest-cov", "pytest-timeout", "trove-classifiers (>=2024.10.12)"]
typing = ["typing-extensions ; python_version < \"3.10\""]
xmp = ["defusedxml"]

[[package]]
name = "pluggy"
version = "1.6.0"
description = "plugin and hook calling mechanisms for python"
optional = false
python-versions = ">=3.9"
groups = ["dev"]
files = [
    {file = "pluggy-1.6.0-py3-none-any.whl", hash = "sha256:e920276dd6813095e9377c0bc5566d94c932c33b27a3e3945d8389c374dd4746"},
    {file = "pluggy-1.6.0.tar.gz", hash = "sha256:7dcc130b76258d33b90f61b658791dede3486c3e6bfb003ee5c9bfb396dd22f3"},
]

[package.extras]
dev = ["pre-commit", "tox"]
testing = ["coverage", "pytest", "pytest-benchmark"]

[[package]]
name = "psycopg2-binary"
version = "2.9.11"
description = "psycopg2 - Python-PostgreSQL Database Adapter"
optional = false
python-versions = ">=3.9"
groups = ["main"]
files = [
    {file = "psycopg2-binary-2.9.11.tar.gz", hash = "sha256:b6aed9e096bf63f9e75edf2581aa9a7e7186d97ab5c177aa6c87797cd591236c"},
    {file = "psycopg2_binary-2.9.11-cp310-cp310-macosx_10_9_x86_64.whl", hash = "sha256:d6fe6b47d0b42ce1c9f1fa3e35bb365011ca22e39db37074458f27921dca40f2"},
    {file = "psycopg2_binary-2.9.11-cp310-cp310-macosx_11_0_arm64.whl", hash = "sha256:a6c0e4262e089516603a09474ee13eabf09cb65c332277e39af68f6233911087"},
    {file = "psycopg2_binary-2.9.11-cp310-cp310-manylinux2014_aarch64.manylinux_2_17_aarch64.whl", hash = "sha256:c47676e5b485393f069b4d7a811267d3168ce46f988fa602658b8bb901e9e64d"},
    {file = "psycopg2_binary-2.9.11-cp310-cp310-manylinux2014_ppc64le.manylinux_2_17_ppc64le.whl", hash = "sha256:a28d8c01a7b27a1e3265b11250ba7557e5f72b5ee9e5f3a2fa8d2949c29bf5d2"},
    {file = "psycopg2_binary-2.9.11-cp310-cp310-manylinux2014_x86_64.manylinux_2_17_x86_64.whl", hash = "sha256:5f3f2732cf504a1aa9e9609d02f79bea1067d99edf844ab92c247bbca143303b"},
    {file = "psycopg2_binary-2.9.11-cp310-cp310-manylinux_2_38_riscv64.manylinux_2_39_riscv64.whl", hash = "sha256:865f9945ed1b3950d968ec4690ce68c55019d79e4497366d36e090327ce7db14"},
    {file = "psycopg2_binary-2.9.11-cp310-cp310-musllinux_1_2_aarch64.whl", hash = "sha256:91537a8df2bde69b1c1db01d6d944c831ca793952e4f57892600e96cee95f2cd"},
    {file = "psycopg2_binary-2.9.11-cp310-cp310-musllinux_1_2_ppc64le.whl", hash = "sha256:4dca1f356a67ecb68c81a7bc7809f1569ad9e152ce7fd02c2f2036862ca9f66b"},
    {file = "psycopg2_binary-2.9.11-cp310-cp310-musllinux_1_2_riscv64.whl", hash = "sha256:0da4de5c1ac69d94ed4364b6cbe7190c1a70d325f112ba783d83f8440285f152"},
    {file = "psycopg2_binary-2.9.11-cp310-cp310-musllinux_1_2_x86_64.whl", hash = "sha256:37d8412565a7267f7d79e29ab66876e55cb5e8e7b3bbf94f8206f6795f8f7e7e"},
    {file = "psycopg2_binary-2.9.11-cp310-cp310-win_amd64.whl", hash = "sha256:c665f01ec8ab273a61c62beeb8cce3014c214429ced8a308ca1fc410ecac3a39"},
    {file = "psycopg2_binary-2.9.11-cp311-cp311-macosx_10_9_x86_64.whl", hash = "sha256:0e8480afd62362d0a6a27dd09e4ca2def6fa50ed3a4e7c09165266106b2ffa10"},
    {file = "psycopg2_binary-2.9.11-cp311-cp311-macosx_11_0_arm64.whl", hash = "sha256:763c93ef1df3da6d1a90f86ea7f3f806dc06b21c198fa87c3c25504abec9404a"},
    {file = "psycopg2_binary-2.9.11-cp311-cp311-manylinux2014_aarch64.manylinux_2_17_aarch64.whl", hash = "sha256:2e164359396576a3cc701ba8af4751ae68a07235d7a380c631184a611220d9a4"},
    {file = "psycopg2_binary-2.9.11-cp311-cp311-manylinux2014_ppc64le.manylinux_2_17_ppc64le.whl", hash = "sha256:d57c9c387660b8893093459738b6abddbb30a7eab058b77b0d0d1c7d521ddfd7"},
    {file = "psycopg2_binary-2.9.11-cp311-cp311-manylinux2014_x86_64.manylinux_2_17_x86_64.whl", hash = "sha256:2c226ef95eb2250974bf6fa7a842082b31f68385c4f3268370e3f3870e7859ee"},
    {file = "psycopg2_binary-2.9.11-cp311-cp311-manylinux_2_38_riscv64.manylinux_2_39_riscv64.whl", hash = "sha256:a311f1edc9967723d3511ea7d2708e2c3592e3405677bf53d5c7246753591fbb"},
    {file = "psycopg2_binary-2.9.11-cp311-cp311-musllinux_1_2_aarch64.whl", hash = "sha256:ebb415404821b6d1c47353ebe9c8645967a5235e6d88f914147e7fd411419e6f"},
    {file = "psycopg2_binary-2.9.11-cp311-cp311-musllinux_1_2_ppc64le.whl", hash = "sha256:f07c9c4a5093258a03b28fab9b4f151aa376989e7f35f855088234e656ee6a94"},
    {file = "psycopg2_binary-2.9.11-cp311-cp311-musllinux_1_2_riscv64.whl", hash = "sha256:00ce1830d971f43b667abe4a56e42c1e2d594b32da4802e44a73bacacb25535f"},
    {file = "psycopg2_binary-2.9.11-cp311-cp311-musllinux_1_2_x86_64.whl", hash = "sha256:cffe9d7697ae7456649617e8bb8d7a45afb71cd13f7ab22af3e5c61f04840908"},
    {file = "psycopg2_binary-2.9.11-cp311-cp311-win_amd64.whl", hash = "sha256:304fd7b7f97eef30e91b8f7e720b3db75fee010b520e434ea35ed1ff22501d03"},
    {file = "psycopg2_binary-2.9.11-cp312-cp312-macosx_10_13_x86_64.whl", hash = "sha256:be9b840ac0525a283a96b556616f5b4820e0526addb8dcf6525a0fa162730be4"},
    {file = "psycopg2_binary-2.9.11-cp312-cp312-macosx_11_0_arm64.whl", hash = "sha256:f090b7ddd13ca842ebfe301cd587a76a4cf0913b1e429eb92c1be5dbeb1a19bc"},
    {file = "psycopg2_binary-2.9.11-cp312-cp312-manylinux2014_aarch64.manylinux_2_17_aarch64.whl", hash = "sha256:ab8905b5dcb05bf3fb22e0cf90e10f469563486ffb6a96569e51f897c750a76a"},
    {file = "psycopg2_binary-2.9.11-cp312-cp312-manylinux2014_ppc64le.manylinux_2_17_ppc64le.whl", hash = "sha256:bf940cd7e7fec19181fdbc29d76911741153d51cab52e5c21165f3262125685e"},
    {file = "psycopg2_binary-2.9.11-cp312-cp312-manylinux2014_x86_64.manylinux_2_17_x86_64.whl", hash = "sha256:fa0f693d3c68ae925966f0b14b8edda71696608039f4ed61b1fe9ffa468d16db"},
    {file = "psycopg2_binary-2.9.11-cp312-cp312-manylinux_2_38_riscv64.manylinux_2_39_riscv64.whl", hash = "sha256:a1cf393f1cdaf6a9b57c0a719a1068ba1069f022a59b8b1fe44b006745b59757"},
    {file = "psycopg2_binary-2.9.11-cp312-cp312-musllinux_1_2_aarch64.whl", hash = "sha256:ef7a6beb4beaa62f88592ccc65df20328029d721db309cb3250b0aae0fa146c3"},
    {file = "psycopg2_binary-2.9.11-cp312-cp312-musllinux_1_2_ppc64le.whl", hash = "sha256:31b32c457a6025e74d233957cc9736742ac5a6cb196c6b68499f6bb51390bd6a"},
    {file = "psycopg2_binary-2.9.11-cp312-cp312-musllinux_1_2_riscv64.whl", hash = "sha256:edcb3aeb11cb4bf13a2af3c53a15b3d612edeb6409047ea0b5d6a21a9d744b34"},
    {file = "psycopg2_binary-2.9.11-cp312-cp312-musllinux_1_2_x86_64.whl", hash = "sha256:62b6d93d7c0b61a1dd6197d208ab613eb7dcfdcca0a49c42ceb082257991de9d"},
    {file = "psycopg2_binary-2.9.11-cp312-cp312-win_amd64.whl", hash = "sha256:b33fabeb1fde21180479b2d4667e994de7bbf0eec22832ba5d9b5e4cf65b6c6d"},
    {file = "psycopg2_binary-2.9.11-cp313-cp313-macosx_10_13_x86_64.whl", hash = "sha256:b8fb3db325435d34235b044b199e56cdf9ff41223a4b9752e8576465170bb38c"},
    {file = "psycopg2_binary-2.9.11-cp313-cp313-macosx_11_0_arm64.whl", hash = "sha256:366df99e710a2acd90efed3764bb1e28df6c675d33a7fb40df9b7281694432ee"},
    {file = "psycopg2_binary-2.9.11-cp313-cp313-manylinux2014_aarch64.manylinux_2_17_aarch64.whl", hash = "sha256:8c55b385daa2f92cb64b12ec4536c66954ac53654c7f15a203578da4e78105c0"},
    {file = "psycopg2_binary-2.9.11-cp313-cp313-manylinux2014_ppc64le.manylinux_2_17_ppc64le.whl", hash = "sha256:c0377174bf1dd416993d16edc15357f6eb17ac998244cca19bc67cdc0e2e5766"},
    {file = "psycopg2_binary-2.9.11-cp313-cp313-manylinux2014_x86_64.manylinux_2_17_x86_64.whl", hash = "sha256:5c6ff3335ce08c75afaed19e08699e8aacf95d4a260b495a4a8545244fe2ceb3"},
    {file = "psycopg2_binary-2.9.11-cp313-cp313-manylinux_2_38_riscv64.manylinux_2_39_riscv64.whl", hash = "sha256:84011ba3109e06ac412f95399b704d3d6950e386b7994475b231cf61eec2fc1f"},
    {file = "psycopg2_binary-2.9.11-cp313-cp313-musllinux_1_2_aarch64.whl", hash = "sha256:ba34475ceb08cccbdd98f6b46916917ae6eeb92b5ae111df10b544c3a4621dc4"},
    {file = "psycopg2_binary-2.9.11-cp313-cp313-musllinux_1_2_ppc64le.whl", hash = "sha256:b31e90fdd0f968c2de3b26ab014314fe814225b6c324f770952f7d38abf17e3c"},
    {file = "psycopg2_binary-2.9.11-cp313-cp313-musllinux_1_2_riscv64.whl", hash = "sha256:d526864e0f67f74937a8fce859bd56c979f5e2ec57ca7c627f5f1071ef7fee60"},
    {file = "psycopg2_binary-2.9.11-cp313-cp313-musllinux_1_2_x86_64.whl", hash = "sha256:04195548662fa544626c8ea0f06561eb6203f1984ba5b4562764fbeb4c3d14b1"},
    {file = "psycopg2_binary-2.9.11-cp313-cp313-win_amd64.whl", hash = "sha256:efff12b432179443f54e230fdf60de1f6cc726b6c832db8701227d089310e8aa"},
    {file = "psycopg2_binary-2.9.11-cp314-cp314-macosx_10_13_x86_64.whl", hash = "sha256:92e3b669236327083a2e33ccfa0d320dd01b9803b3e14dd986a4fc54aa00f4e1"},
    {file = "psycopg2_binary-2.9.11-cp314-cp314-macosx_11_0_arm64.whl", hash = "sha256:e0deeb03da539fa3577fcb0b3f2554a97f7e5477c246098dbb18091a4a01c16f"},
    {file = "psycopg2_binary-2.9.11-cp314-cp314-manylinux2014_aarch64.manylinux_2_17_aarch64.whl", hash = "sha256:9b52a3f9bb540a3e4ec0f6ba6d31339727b2950c9772850d6545b7eae0b9d7c5"},
    {file = "psycopg2_binary-2.9.11-cp314-cp314-manylinux2014_ppc64le.manylinux_2_17_ppc64le.whl", hash = "sha256:db4fd476874ccfdbb630a54426964959e58da4c61c9feba73e6094d51303d7d8"},
    {file = "psycopg2_binary-2.9.11-cp314-cp314-manylinux2014_x86_64.manylinux_2_17_x86_64.whl", hash = "sha256:47f212c1d3be608a12937cc131bd85502954398aaa1320cb4c14421a0ffccf4c"},
    {file = "psycopg2_binary-2.9.11-cp314-cp314-manylinux_2_38_riscv64.manylinux_2_39_riscv64.whl", hash = "sha256:e35b7abae2b0adab776add56111df1735ccc71406e56203515e228a8dc07089f"},
    {file = "psycopg2_binary-2.9.11-cp314-cp314-musllinux_1_2_aarch64.whl", hash = "sha256:fcf21be3ce5f5659daefd2b3b3b6e4727b028221ddc94e6c1523425579664747"},
    {file = "psycopg2_binary-2.9.11-cp314-cp314-musllinux_1_2_ppc64le.whl", hash = "sha256:9bd81e64e8de111237737b29d68039b9c813bdf520156af36d26819c9a979e5f"},
    {file = "psycopg2_binary-2.9.11-cp314-cp314-musllinux_1_2_riscv64.whl", hash = "sha256:32770a4d666fbdafab017086655bcddab791d7cb260a16679cc5a7338b64343b"},
    {file = "psycopg2_binary-2.9.11-cp314-cp314-musllinux_1_2_x86_64.whl", hash = "sha256:c3cb3a676873d7506825221045bd70e0427c905b9c8ee8d6acd70cfcbd6e576d"},
    {file = "psycopg2_binary-2.9.11-cp314-cp314-win_amd64.whl", hash = "sha256:4012c9c954dfaccd28f94e84ab9f94e12df76b4afb22331b1f0d3154893a6316"},
    {file = "psycopg2_binary-2.9.11-cp39-cp39-macosx_10_9_x86_64.whl", hash = "sha256:20e7fb94e20b03dcc783f76c0865f9da39559dcc0c28dd1a3fce0d01902a6b9c"},
    {file = "psycopg2_binary-2.9.11-cp39-cp39-macosx_11_0_arm64.whl", hash = "sha256:4bdab48575b6f870f465b397c38f1b415520e9879fdf10a53ee4f49dcbdf8a21"},
    {file = "psycopg2_binary-2.9.11-cp39-cp39-manylinux2014_aarch64.manylinux_2_17_aarch64.whl", hash = "sha256:9d3a9edcfbe77a3ed4bc72836d466dfce4174beb79eda79ea155cc77237ed9e8"},
    {file = "psycopg2_binary-2.9.11-cp39-cp39-manylinux2014_ppc64le.manylinux_2_17_ppc64le.whl", hash = "sha256:44fc5c2b8fa871ce7f0023f619f1349a0aa03a0857f2c96fbc01c657dcbbdb49"},
    {file = "psycopg2_binary-2.9.11-cp39-cp39-manylinux2014_x86_64.manylinux_2_17_x86_64.whl", hash = "sha256:9c55460033867b4622cda1b6872edf445809535144152e5d14941ef591980edf"},
    {file = "psycopg2_binary-2.9.11-cp39-cp39-manylinux_2_38_riscv64.manylinux_2_39_riscv64.whl", hash = "sha256:2d11098a83cca92deaeaed3d58cfd150d49b3b06ee0d0852be466bf87596899e"},
    {file = "psycopg2_binary-2.9.11-cp39-cp39-musllinux_1_2_aarch64.whl", hash = "sha256:691c807d94aecfbc76a14e1408847d59ff5b5906a04a23e12a89007672b9e819"},
    {file = "psycopg2_binary-2.9.11-cp39-cp39-musllinux_1_2_ppc64le.whl", hash = "sha256:8b81627b691f29c4c30a8f322546ad039c40c328373b11dff7490a3e1b517855"},
    {file = "psycopg2_binary-2.9.11-cp39-cp39-musllinux_1_2_riscv64.whl", hash = "sha256:b637d6d941209e8d96a072d7977238eea128046effbf37d1d8b2c0764750017d"},
    {file = "psycopg2_binary-2.9.11-cp39-cp39-musllinux_1_2_x86_64.whl", hash = "sha256:41360b01c140c2a03d346cec3280cf8a71aa07d94f3b1509fa0161c366af66b4"},
    {file = "psycopg2_binary-2.9.11-cp39-cp39-win_amd64.whl", hash = "sha256:875039274f8a2361e5207857899706da840768e2a775bf8c65e82f60b197df02"},
]

[[package]]
name = "pygments"
version = "2.19.2"
description = "Pygments is a syntax highlighting package written in Python."
optional = false
python-versions = ">=3.8"
groups = ["dev"]
files = [
    {file = "pygments-2.19.2-py3-none-any.whl", hash = "sha256:86540386c03d588bb81d44bc3928634ff26449851e99741617ecb9037ee5ec0b"},
    {file = "pygments-2.19.2.tar.gz", hash = "sha256:636cb2477cec7f8952536970bc533bc43743542f70392ae026374600add5b887"},
]

[package.extras]
windows-terminal = ["colorama (>=0.4.6)"]

[[package]]
name = "pyjwt"
version = "2.10.1"
description = "JSON Web Token implementation in Python"
optional = false
python-versions = ">=3.9"
groups = ["main"]
files = [
    {file = "PyJWT-2.10.1-py3-none-any.whl", hash = "sha256:dcdd193e30abefd5debf142f9adfcdd2b58004e644f25406ffaebd50bd98dacb"},
    {file = "pyjwt-2.10.1.tar.gz", hash = "sha256:3cc5772eb20009233caf06e9d8a0577824723b44e6648ee0a2aedb6cf9381953"},
]

[package.extras]
crypto = ["cryptography (>=3.4.0)"]
dev = ["coverage[toml] (==5.0.4)", "cryptography (>=3.4.0)", "pre-commit", "pytest (>=6.0.0,<7.0.0)", "sphinx", "sphinx-rtd-theme", "zope.interface"]
docs = ["sphinx", "sphinx-rtd-theme", "zope.interface"]
tests = ["coverage[toml] (==5.0.4)", "pytest (>=6.0.0,<7.0.0)"]

[[package]]
name = "pytest"
version = "8.4.2"
description = "pytest: simple powerful testing with Python"
optional = false
python-versions = ">=3.9"
groups = ["dev"]
files = [
    {file = "pytest-8.4.2-py3-none-any.whl", hash = "sha256:872f880de3fc3a5bdc88a11b39c9710c3497a547cfa9320bc3c5e62fbf272e79"},
    {file = "pytest-8.4.2.tar.gz", hash = "sha256:86c0d0b93306b961d58d62a4db4879f27fe25513d4b969df351abdddb3c30e01"},
]

[package.dependencies]
colorama = {version = ">=0.4", markers = "sys_platform == \"win32\""}
iniconfig = ">=1"
packaging = ">=20"
pluggy = ">=1.5,<2"
pygments = ">=2.7.2"

[package.extras]
dev = ["argcomplete", "attrs (>=19.2)", "hypothesis (>=3.56)", "mock", "requests", "setuptools", "xmlschema"]

[[package]]
name = "pytest-django"
version = "4.12.0"
description = "A Django plugin for pytest."
optional = false
python-versions = ">=3.10"
groups = ["dev"]
files = [
    {file = "pytest_django-4.12.0-py3-none-any.whl", hash = "sha256:3ff300c49f8350ba2953b90297d23bf5f589db69545f56f1ec5f8cff5da83e85"},
    {file = "pytest_django-4.12.0.tar.gz", hash = "sha256:df94ec819a83c8979c8f6de13d9cdfbe76e8c21d39473cfe2b40c9fc9be3c758"},
]

[package.dependencies]
pytest = ">=7.0.0"

[[package]]
name = "python-decouple"
version = "3.8"
description = "Strict separation of settings from code."
optional = false
python-versions = "*"
groups = ["main"]
files = [
    {file = "python-decouple-3.8.tar.gz", hash = "sha256:ba6e2657d4f376ecc46f77a3a615e058d93ba5e465c01bbe57289bfb7cce680f"},
    {file = "python_decouple-3.8-py3-none-any.whl", hash = "sha256:d0d45340815b25f4de59c974b855bb38d03151d81b037d9e3f463b0c9f8cbd66"},
]

[[package]]
name = "qrcode"
version = "8.0"
description = "QR Code image generator"
optional = false
python-versions = "<4.0,>=3.9"
groups = ["main"]
files = [
    {file = "qrcode-8.0-py3-none-any.whl", hash = "sha256:9fc05f03305ad27a709eb742cf3097fa19e6f6f93bb9e2f039c0979190f6f1b1"},
    {file = "qrcode-8.0.tar.gz", hash = "sha256:025ce2b150f7fe4296d116ee9bad455a6643ab4f6e7dce541613a4758cbce347"},
]

[package.dependencies]
colorama = {version = "*", markers = "sys_platform == \"win32\""}

[package.extras]
all = ["pillow (>=9.1.0)", "pypng"]
pil = ["pillow (>=9.1.0)"]
png = ["pypng"]

[[package]]
name = "redis"
version = "7.2.0"
description = "Python client for Redis database and key-value store"
optional = false
python-versions = ">=3.10"
groups = ["main"]
files = [
    {file = "redis-7.2.0-py3-none-any.whl", hash = "sha256:01f591f8598e483f1842d429e8ae3a820804566f1c73dca1b80e23af9fba0497"},
    {file = "redis-7.2.0.tar.gz", hash = "sha256:4dd5bf4bd4ae80510267f14185a15cba2a38666b941aff68cccf0256b51c1f26"},
]

[package.extras]
circuit-breaker = ["pybreaker (>=1.4.0)"]
hiredis = ["hiredis (>=3.2.0)"]
jwt = ["pyjwt (>=2.9.0)"]
ocsp = ["cryptography (>=36.0.1)", "pyopenssl (>=20.0.1)", "requests (>=2.31.0)"]
otel = ["opentelemetry-api (>=1.39.1)", "opentelemetry-exporter-otlp-proto-http (>=1.39.1)", "opentelemetry-sdk (>=1.39.1)"]
xxhash = ["xxhash (>=3.6.0,<3.7.0)"]

[[package]]
name = "sqlparse"
version = "0.5.3"
description = "A non-validating SQL parser."
optional = false
python-versions = ">=3.8"
groups = ["main"]
files = [
    {file = "sqlparse-0.5.3-py3-none-any.whl", hash = "sha256:cf2196ed3418f3ba5de6af7e82c694a9fbdbfecccdfc72e281548517081f16ca"},
    {file = "sqlparse-0.5.3.tar.gz", hash = "sha256:09f67787f56a0b16ecdbde1bfc7f5d9c3371ca683cfeaa8e6ff60b4807ec9272"},
]

[package.extras]
dev = ["build", "hatch"]
doc = ["sphinx"]

[[package]]
name = "tzdata"
version = "2025.1"
description = "Provider of IANA time zone data"
optional = false
python-versions = ">=2"
groups = ["main"]
markers = "sys_platform == \"win32\""
files = [
    {file = "tzdata-2025.1-py2.py3-none-any.whl", hash = "sha256:7e127113816800496f027041c570f50bcd464a020098a3b6b199517772303639"},
    {file = "tzdata-2025.1.tar.gz", hash = "sha256:24894909e88cdb28bd1636c6887801df64cb485bd593f2fd83ef29075a81d694"},
]

[[package]]
name = "whitenoise"
version = "6.11.0"
description = "Radically simplified static file serving for WSGI applications"
optional = false
python-versions = ">=3.9"
groups = ["main"]
files = [
    {file = "whitenoise-6.11.0-py3-none-any.whl", hash = "sha256:b2aeb45950597236f53b5342b3121c5de69c8da0109362aee506ce88e022d258"},
    {file = "whitenoise-6.11.0.tar.gz", hash = "sha256:0f5bfce6061ae6611cd9396a8231e088722e4fc67bc13a111be74c738d99375f"},
]

[package.extras]
brotli = ["brotli"]

[metadata]
lock-version = "2.1"
python-versions = "^3.12"
content-hash = "905c342b36fff4b2bdf511dece4692db3c76515237857fe042c685fd762dec87"
